
Microsoft Visual Studio Solution File, Format Version 12.00
# Visual Studio Version 17
VisualStudioVersion = 17.6.33829.357
MinimumVisualStudioVersion = 10.0.40219.1
Project("{FAE04EC0-301F-11D3-BF4B-00C04F79EFBC}") = "Labaratorka01d01", "Labaratorka01d01\Labaratorka01d01.csproj", "{9639767A-5BEC-4A25-AE09-0EC61B211C07}"
EndProject
Project("{FAE04EC0-301F-11D3-BF4B-00C04F79EFBC}") = "Labaratorka01d01Tests", "Labaratorka01d01Tests\Labaratorka01d01Tests.csproj", "{0E39ED6B-7612-4FC7-9518-D4EFA127374D}"
EndProject
Global
	GlobalSection(SolutionConfigurationPlatforms) = preSolution
		Debug|Any CPU = Debug|Any CPU
		Release|Any CPU = Release|Any CPU
	EndGlobalSection
	GlobalSection(ProjectConfigurationPlatforms) = postSolution
		{9639767A-5BEC-4A25-AE09-0EC61B211C07}.Debug|Any CPU.ActiveCfg = Debug|Any CPU
		{9639767A-5BEC-4A25-AE09-0EC61B211C07}.Debug|Any CPU.Build.0 = Debug|Any CPU
		{9639767A-5BEC-4A25-AE09-0EC61B211C07}.Release|Any CPU.ActiveCfg = Release|Any CPU
		{9639767A-5BEC-4A25-AE09-0EC61B211C07}.Release|Any CPU.Build.0 = Release|Any CPU
		{0E39ED6B-7612-4FC7-9518-D4EFA127374D}.Debug|Any CPU.ActiveCfg = Debug|Any CPU
		{0E39ED6B-7612-4FC7-9518-D4EFA127374D}.Debug|Any CPU.Build.0 = Debug|Any CPU
		{0E39ED6B-7612-4FC7-9518-D4EFA127374D}.Release|Any CPU.ActiveCfg = Release|Any CPU
		{0E39ED6B-7612-4FC7-9518-D4EFA127374D}.Release|Any CPU.Build.0 = Release|Any CPU
	EndGlobalSection
	GlobalSection(SolutionProperties) = preSolution
		HideSolutionNode = FALSE
	EndGlobalSection
	GlobalSection(ExtensibilityGlobals) = postSolution
		SolutionGuid = {C55D736D-D7C2-41C1-8B9C-EB3201213D96}
	EndGlobalSection
EndGlobal
